
Microsoft Visual Studio Solution File, Format Version 12.00
# Visual Studio Version 17
VisualStudioVersion = 17.0.31903.59
MinimumVisualStudioVersion = 10.0.40219.1
Project("{FAE04EC0-301F-11D3-BF4B-00C04F79EFBC}") = "MechRewired.Core", "MechRewired.Core\MechRewired.Core.csproj", "{D70F31B2-FFDA-44E1-A83F-E05BC32BAEB9}"
EndProject
Project("{FAE04EC0-301F-11D3-BF4B-00C04F79EFBC}") = "MechRewired", "MechRewired\MechRewired.csproj", "{9F4705FD-A3F6-4D2E-818B-C85D6AA929E8}"
EndProject
Project("{FAE04EC0-301F-11D3-BF4B-00C04F79EFBC}") = "MechRewired.Tests", "MechRewired.Tests\MechRewired.Tests.csproj", "{004E4A6C-A684-465D-869F-BB2A384BA058}"
EndProject
Global
    GlobalSection(SolutionConfigurationPlatforms) = preSolution
        Debug|Any CPU = Debug|Any CPU
        Release|Any CPU = Release|Any CPU
    EndGlobalSection
    GlobalSection(ProjectConfigurationPlatforms) = postSolution
        {D70F31B2-FFDA-44E1-A83F-E05BC32BAEB9}.Debug|Any CPU.ActiveCfg = Debug|Any CPU
        {D70F31B2-FFDA-44E1-A83F-E05BC32BAEB9}.Debug|Any CPU.Build.0 = Debug|Any CPU
        {D70F31B2-FFDA-44E1-A83F-E05BC32BAEB9}.Release|Any CPU.ActiveCfg = Release|Any CPU
        {D70F31B2-FFDA-44E1-A83F-E05BC32BAEB9}.Release|Any CPU.Build.0 = Release|Any CPU
        {9F4705FD-A3F6-4D2E-818B-C85D6AA929E8}.Debug|Any CPU.ActiveCfg = Debug|Any CPU
        {9F4705FD-A3F6-4D2E-818B-C85D6AA929E8}.Debug|Any CPU.Build.0 = Debug|Any CPU
        {9F4705FD-A3F6-4D2E-818B-C85D6AA929E8}.Release|Any CPU.ActiveCfg = Release|Any CPU
        {9F4705FD-A3F6-4D2E-818B-C85D6AA929E8}.Release|Any CPU.Build.0 = Release|Any CPU
        {004E4A6C-A684-465D-869F-BB2A384BA058}.Debug|Any CPU.ActiveCfg = Debug|Any CPU
        {004E4A6C-A684-465D-869F-BB2A384BA058}.Debug|Any CPU.Build.0 = Debug|Any CPU
        {004E4A6C-A684-465D-869F-BB2A384BA058}.Release|Any CPU.ActiveCfg = Release|Any CPU
        {004E4A6C-A684-465D-869F-BB2A384BA058}.Release|Any CPU.Build.0 = Release|Any CPU
    EndGlobalSection
EndGlobal
